
Microsoft Visual Studio Solution File, Format Version 12.00
# Visual Studio Version 17
VisualStudioVersion = 17.5.33424.131
MinimumVisualStudioVersion = 10.0.40219.1
Project("{9A19103F-16F7-4668-BE54-9A1E7A4F7556}") = "Adek.IDP", "Adek.IDP\Adek.IDP.csproj", "{F94020CD-CA73-42F0-9F4E-C261A8511AF8}"
EndProject
Project("{9A19103F-16F7-4668-BE54-9A1E7A4F7556}") = "ImageGallery.API", "ImageGallery.API\ImageGallery.API.csproj", "{54669FEE-59B6-497D-999A-B5D8F2401864}"
EndProject
Project("{9A19103F-16F7-4668-BE54-9A1E7A4F7556}") = "ImageGallery.Client", "ImageGallery.Client\ImageGallery.Client.csproj", "{9E823DE6-E67A-48E0-BD8D-7FF7DAD306DB}"
EndProject
Project("{9A19103F-16F7-4668-BE54-9A1E7A4F7556}") = "ImageGallery.Model", "ImageGallery.Model\ImageGallery.Model.csproj", "{D5842FEB-2FBF-43E9-ABA6-BF03F0B6D89A}"
EndProject
Global
	GlobalSection(SolutionConfigurationPlatforms) = preSolution
		Debug|Any CPU = Debug|Any CPU
		Release|Any CPU = Release|Any CPU
	EndGlobalSection
	GlobalSection(ProjectConfigurationPlatforms) = postSolution
		{F94020CD-CA73-42F0-9F4E-C261A8511AF8}.Debug|Any CPU.ActiveCfg = Debug|Any CPU
		{F94020CD-CA73-42F0-9F4E-C261A8511AF8}.Debug|Any CPU.Build.0 = Debug|Any CPU
		{F94020CD-CA73-42F0-9F4E-C261A8511AF8}.Release|Any CPU.ActiveCfg = Release|Any CPU
		{F94020CD-CA73-42F0-9F4E-C261A8511AF8}.Release|Any CPU.Build.0 = Release|Any CPU
		{54669FEE-59B6-497D-999A-B5D8F2401864}.Debug|Any CPU.ActiveCfg = Debug|Any CPU
		{54669FEE-59B6-497D-999A-B5D8F2401864}.Debug|Any CPU.Build.0 = Debug|Any CPU
		{54669FEE-59B6-497D-999A-B5D8F2401864}.Release|Any CPU.ActiveCfg = Release|Any CPU
		{54669FEE-59B6-497D-999A-B5D8F2401864}.Release|Any CPU.Build.0 = Release|Any CPU
		{9E823DE6-E67A-48E0-BD8D-7FF7DAD306DB}.Debug|Any CPU.ActiveCfg = Debug|Any CPU
		{9E823DE6-E67A-48E0-BD8D-7FF7DAD306DB}.Debug|Any CPU.Build.0 = Debug|Any CPU
		{9E823DE6-E67A-48E0-BD8D-7FF7DAD306DB}.Release|Any CPU.ActiveCfg = Release|Any CPU
		{9E823DE6-E67A-48E0-BD8D-7FF7DAD306DB}.Release|Any CPU.Build.0 = Release|Any CPU
		{D5842FEB-2FBF-43E9-ABA6-BF03F0B6D89A}.Debug|Any CPU.ActiveCfg = Debug|Any CPU
		{D5842FEB-2FBF-43E9-ABA6-BF03F0B6D89A}.Debug|Any CPU.Build.0 = Debug|Any CPU
		{D5842FEB-2FBF-43E9-ABA6-BF03F0B6D89A}.Release|Any CPU.ActiveCfg = Release|Any CPU
		{D5842FEB-2FBF-43E9-ABA6-BF03F0B6D89A}.Release|Any CPU.Build.0 = Release|Any CPU
	EndGlobalSection
	GlobalSection(SolutionProperties) = preSolution
		HideSolutionNode = FALSE
	EndGlobalSection
	GlobalSection(ExtensibilityGlobals) = postSolution
		SolutionGuid = {43BBD769-88DC-49EA-8AE3-3A20900414DF}
	EndGlobalSection
EndGlobal
